
Microsoft Visual Studio Solution File, Format Version 12.00
# Visual Studio Version 16
VisualStudioVersion = 16.0.31702.278
MinimumVisualStudioVersion = 10.0.40219.1
Project("{FAE04EC0-301F-11D3-BF4B-00C04F79EFBC}") = "AngularToApiw", "AngularToApiw.csproj", "{2765C992-B14D-48C5-BAF4-65392B55860A}"
EndProject
Global
	GlobalSection(SolutionConfigurationPlatforms) = preSolution
		Debug|Any CPU = Debug|Any CPU
		Release|Any CPU = Release|Any CPU
	EndGlobalSection
	GlobalSection(ProjectConfigurationPlatforms) = postSolution
		{2765C992-B14D-48C5-BAF4-65392B55860A}.Debug|Any CPU.ActiveCfg = Debug|Any CPU
		{2765C992-B14D-48C5-BAF4-65392B55860A}.Debug|Any CPU.Build.0 = Debug|Any CPU
		{2765C992-B14D-48C5-BAF4-65392B55860A}.Release|Any CPU.ActiveCfg = Release|Any CPU
		{2765C992-B14D-48C5-BAF4-65392B55860A}.Release|Any CPU.Build.0 = Release|Any CPU
	EndGlobalSection
	GlobalSection(SolutionProperties) = preSolution
		HideSolutionNode = FALSE
	EndGlobalSection
	GlobalSection(ExtensibilityGlobals) = postSolution
		SolutionGuid = {AA8411AA-9426-467F-90FF-81B0F105B3FB}
	EndGlobalSection
EndGlobal
